
Microsoft Visual Studio Solution File, Format Version 12.00
# Visual Studio Version 16
VisualStudioVersion = 16.0.32002.261
MinimumVisualStudioVersion = 10.0.40219.1
Project("{8BC9CEB8-8B4A-11D0-8D11-00A0C91BC942}") = "Utils", "utils\utils.vcxproj", "{91ECA85F-4BBB-4FB0-9A37-729FB9DB0F18}"
EndProject
Project("{8BC9CEB8-8B4A-11D0-8D11-00A0C91BC942}") = "Storage", "storage\storage.vcxproj", "{85735427-39B7-47D3-A5D8-9DF4ACB2D6AB}"
EndProject
Project("{8BC9CEB8-8B4A-11D0-8D11-00A0C91BC942}") = "BPtree", "BPtree\BPtree.vcxproj", "{5511C9EE-2462-4C71-B995-FDC7B8667B16}"
EndProject
Project("{8BC9CEB8-8B4A-11D0-8D11-00A0C91BC942}") = "Transaction", "Transaction\Transaction.vcxproj", "{5F39B1AF-D9B4-4FB8-A6DB-50F892C53225}"
EndProject
Project("{8BC9CEB8-8B4A-11D0-8D11-00A0C91BC942}") = "BPTreeDatabase", "BPTreeDatabase\BPTreeDatabase.vcxproj", "{7941F48C-66D7-4C82-9D54-C65FE6586EA3}"
EndProject
Global
	GlobalSection(SolutionConfigurationPlatforms) = preSolution
		Debug|x64 = Debug|x64
		Debug|x86 = Debug|x86
		DebugStatic|x64 = DebugStatic|x64
		DebugStatic|x86 = DebugStatic|x86
		Release|x64 = Release|x64
		Release|x86 = Release|x86
		ReleaseStatic|x64 = ReleaseStatic|x64
		ReleaseStatic|x86 = ReleaseStatic|x86
	EndGlobalSection
	GlobalSection(ProjectConfigurationPlatforms) = postSolution
		{91ECA85F-4BBB-4FB0-9A37-729FB9DB0F18}.Debug|x64.ActiveCfg = Debug|x64
		{91ECA85F-4BBB-4FB0-9A37-729FB9DB0F18}.Debug|x64.Build.0 = Debug|x64
		{91ECA85F-4BBB-4FB0-9A37-729FB9DB0F18}.Debug|x86.ActiveCfg = Debug|Win32
		{91ECA85F-4BBB-4FB0-9A37-729FB9DB0F18}.Debug|x86.Build.0 = Debug|Win32
		{91ECA85F-4BBB-4FB0-9A37-729FB9DB0F18}.DebugStatic|x64.ActiveCfg = DebugStatic|x64
		{91ECA85F-4BBB-4FB0-9A37-729FB9DB0F18}.DebugStatic|x64.Build.0 = DebugStatic|x64
		{91ECA85F-4BBB-4FB0-9A37-729FB9DB0F18}.DebugStatic|x86.ActiveCfg = DebugStatic|Win32
		{91ECA85F-4BBB-4FB0-9A37-729FB9DB0F18}.DebugStatic|x86.Build.0 = DebugStatic|Win32
		{91ECA85F-4BBB-4FB0-9A37-729FB9DB0F18}.Release|x64.ActiveCfg = Release|x64
		{91ECA85F-4BBB-4FB0-9A37-729FB9DB0F18}.Release|x64.Build.0 = Release|x64
		{91ECA85F-4BBB-4FB0-9A37-729FB9DB0F18}.Release|x86.ActiveCfg = Release|Win32
		{91ECA85F-4BBB-4FB0-9A37-729FB9DB0F18}.Release|x86.Build.0 = Release|Win32
		{91ECA85F-4BBB-4FB0-9A37-729FB9DB0F18}.ReleaseStatic|x64.ActiveCfg = ReleaseStatic|x64
		{91ECA85F-4BBB-4FB0-9A37-729FB9DB0F18}.ReleaseStatic|x64.Build.0 = ReleaseStatic|x64
		{91ECA85F-4BBB-4FB0-9A37-729FB9DB0F18}.ReleaseStatic|x86.ActiveCfg = ReleaseStatic|Win32
		{91ECA85F-4BBB-4FB0-9A37-729FB9DB0F18}.ReleaseStatic|x86.Build.0 = ReleaseStatic|Win32
		{85735427-39B7-47D3-A5D8-9DF4ACB2D6AB}.Debug|x64.ActiveCfg = Debug|x64
		{85735427-39B7-47D3-A5D8-9DF4ACB2D6AB}.Debug|x64.Build.0 = Debug|x64
		{85735427-39B7-47D3-A5D8-9DF4ACB2D6AB}.Debug|x86.ActiveCfg = Debug|Win32
		{85735427-39B7-47D3-A5D8-9DF4ACB2D6AB}.Debug|x86.Build.0 = Debug|Win32
		{85735427-39B7-47D3-A5D8-9DF4ACB2D6AB}.DebugStatic|x64.ActiveCfg = DebugStatic|x64
		{85735427-39B7-47D3-A5D8-9DF4ACB2D6AB}.DebugStatic|x64.Build.0 = DebugStatic|x64
		{85735427-39B7-47D3-A5D8-9DF4ACB2D6AB}.DebugStatic|x86.ActiveCfg = DebugStatic|Win32
		{85735427-39B7-47D3-A5D8-9DF4ACB2D6AB}.DebugStatic|x86.Build.0 = DebugStatic|Win32
		{85735427-39B7-47D3-A5D8-9DF4ACB2D6AB}.Release|x64.ActiveCfg = Release|x64
		{85735427-39B7-47D3-A5D8-9DF4ACB2D6AB}.Release|x64.Build.0 = Release|x64
		{85735427-39B7-47D3-A5D8-9DF4ACB2D6AB}.Release|x86.ActiveCfg = Release|Win32
		{85735427-39B7-47D3-A5D8-9DF4ACB2D6AB}.Release|x86.Build.0 = Release|Win32
		{85735427-39B7-47D3-A5D8-9DF4ACB2D6AB}.ReleaseStatic|x64.ActiveCfg = ReleaseStatic|x64
		{85735427-39B7-47D3-A5D8-9DF4ACB2D6AB}.ReleaseStatic|x64.Build.0 = ReleaseStatic|x64
		{85735427-39B7-47D3-A5D8-9DF4ACB2D6AB}.ReleaseStatic|x86.ActiveCfg = ReleaseStatic|Win32
		{85735427-39B7-47D3-A5D8-9DF4ACB2D6AB}.ReleaseStatic|x86.Build.0 = ReleaseStatic|Win32
		{5511C9EE-2462-4C71-B995-FDC7B8667B16}.Debug|x64.ActiveCfg = Debug|x64
		{5511C9EE-2462-4C71-B995-FDC7B8667B16}.Debug|x64.Build.0 = Debug|x64
		{5511C9EE-2462-4C71-B995-FDC7B8667B16}.Debug|x86.ActiveCfg = Debug|Win32
		{5511C9EE-2462-4C71-B995-FDC7B8667B16}.Debug|x86.Build.0 = Debug|Win32
		{5511C9EE-2462-4C71-B995-FDC7B8667B16}.DebugStatic|x64.ActiveCfg = DebugStatic|x64
		{5511C9EE-2462-4C71-B995-FDC7B8667B16}.DebugStatic|x64.Build.0 = DebugStatic|x64
		{5511C9EE-2462-4C71-B995-FDC7B8667B16}.DebugStatic|x86.ActiveCfg = DebugStatic|Win32
		{5511C9EE-2462-4C71-B995-FDC7B8667B16}.DebugStatic|x86.Build.0 = DebugStatic|Win32
		{5511C9EE-2462-4C71-B995-FDC7B8667B16}.Release|x64.ActiveCfg = Release|x64
		{5511C9EE-2462-4C71-B995-FDC7B8667B16}.Release|x64.Build.0 = Release|x64
		{5511C9EE-2462-4C71-B995-FDC7B8667B16}.Release|x86.ActiveCfg = Release|Win32
		{5511C9EE-2462-4C71-B995-FDC7B8667B16}.Release|x86.Build.0 = Release|Win32
		{5511C9EE-2462-4C71-B995-FDC7B8667B16}.ReleaseStatic|x64.ActiveCfg = ReleaseStatic|x64
		{5511C9EE-2462-4C71-B995-FDC7B8667B16}.ReleaseStatic|x64.Build.0 = ReleaseStatic|x64
		{5511C9EE-2462-4C71-B995-FDC7B8667B16}.ReleaseStatic|x86.ActiveCfg = ReleaseStatic|Win32
		{5511C9EE-2462-4C71-B995-FDC7B8667B16}.ReleaseStatic|x86.Build.0 = ReleaseStatic|Win32
		{5F39B1AF-D9B4-4FB8-A6DB-50F892C53225}.Debug|x64.ActiveCfg = DebugStatic|x64
		{5F39B1AF-D9B4-4FB8-A6DB-50F892C53225}.Debug|x64.Build.0 = DebugStatic|x64
		{5F39B1AF-D9B4-4FB8-A6DB-50F892C53225}.Debug|x86.ActiveCfg = DebugStatic|Win32
		{5F39B1AF-D9B4-4FB8-A6DB-50F892C53225}.Debug|x86.Build.0 = DebugStatic|Win32
		{5F39B1AF-D9B4-4FB8-A6DB-50F892C53225}.DebugStatic|x64.ActiveCfg = DebugStatic|x64
		{5F39B1AF-D9B4-4FB8-A6DB-50F892C53225}.DebugStatic|x64.Build.0 = DebugStatic|x64
		{5F39B1AF-D9B4-4FB8-A6DB-50F892C53225}.DebugStatic|x86.ActiveCfg = DebugStatic|Win32
		{5F39B1AF-D9B4-4FB8-A6DB-50F892C53225}.DebugStatic|x86.Build.0 = DebugStatic|Win32
		{5F39B1AF-D9B4-4FB8-A6DB-50F892C53225}.Release|x64.ActiveCfg = ReleaseStatic|x64
		{5F39B1AF-D9B4-4FB8-A6DB-50F892C53225}.Release|x64.Build.0 = ReleaseStatic|x64
		{5F39B1AF-D9B4-4FB8-A6DB-50F892C53225}.Release|x86.ActiveCfg = ReleaseStatic|Win32
		{5F39B1AF-D9B4-4FB8-A6DB-50F892C53225}.Release|x86.Build.0 = ReleaseStatic|Win32
		{5F39B1AF-D9B4-4FB8-A6DB-50F892C53225}.ReleaseStatic|x64.ActiveCfg = ReleaseStatic|x64
		{5F39B1AF-D9B4-4FB8-A6DB-50F892C53225}.ReleaseStatic|x64.Build.0 = ReleaseStatic|x64
		{5F39B1AF-D9B4-4FB8-A6DB-50F892C53225}.ReleaseStatic|x86.ActiveCfg = ReleaseStatic|Win32
		{5F39B1AF-D9B4-4FB8-A6DB-50F892C53225}.ReleaseStatic|x86.Build.0 = ReleaseStatic|Win32
		{7941F48C-66D7-4C82-9D54-C65FE6586EA3}.Debug|x64.ActiveCfg = DebugStatic|x64
		{7941F48C-66D7-4C82-9D54-C65FE6586EA3}.Debug|x64.Build.0 = DebugStatic|x64
		{7941F48C-66D7-4C82-9D54-C65FE6586EA3}.Debug|x86.ActiveCfg = DebugStatic|Win32
		{7941F48C-66D7-4C82-9D54-C65FE6586EA3}.Debug|x86.Build.0 = DebugStatic|Win32
		{7941F48C-66D7-4C82-9D54-C65FE6586EA3}.DebugStatic|x64.ActiveCfg = ReleaseStatic|x64
		{7941F48C-66D7-4C82-9D54-C65FE6586EA3}.DebugStatic|x64.Build.0 = ReleaseStatic|x64
		{7941F48C-66D7-4C82-9D54-C65FE6586EA3}.DebugStatic|x86.ActiveCfg = DebugStatic|Win32
		{7941F48C-66D7-4C82-9D54-C65FE6586EA3}.DebugStatic|x86.Build.0 = DebugStatic|Win32
		{7941F48C-66D7-4C82-9D54-C65FE6586EA3}.Release|x64.ActiveCfg = ReleaseStatic|x64
		{7941F48C-66D7-4C82-9D54-C65FE6586EA3}.Release|x64.Build.0 = ReleaseStatic|x64
		{7941F48C-66D7-4C82-9D54-C65FE6586EA3}.Release|x86.ActiveCfg = ReleaseStatic|Win32
		{7941F48C-66D7-4C82-9D54-C65FE6586EA3}.Release|x86.Build.0 = ReleaseStatic|Win32
		{7941F48C-66D7-4C82-9D54-C65FE6586EA3}.ReleaseStatic|x64.ActiveCfg = ReleaseStatic|x64
		{7941F48C-66D7-4C82-9D54-C65FE6586EA3}.ReleaseStatic|x64.Build.0 = ReleaseStatic|x64
		{7941F48C-66D7-4C82-9D54-C65FE6586EA3}.ReleaseStatic|x86.ActiveCfg = ReleaseStatic|Win32
		{7941F48C-66D7-4C82-9D54-C65FE6586EA3}.ReleaseStatic|x86.Build.0 = ReleaseStatic|Win32
	EndGlobalSection
	GlobalSection(SolutionProperties) = preSolution
		HideSolutionNode = FALSE
	EndGlobalSection
	GlobalSection(ExtensibilityGlobals) = postSolution
		SolutionGuid = {D8DDFB0A-4EF7-4C14-94E2-4D7D480C4C74}
	EndGlobalSection
EndGlobal
